baseline:
  cmd: export LD_LIBRARY_PATH=/usr/local/cuda-10.2/lib64 && export PYTHONPATH=$PWD
    && python3 tools/main.py --work_dir=artifacts/baseline --backbone=B0 --dropout_rate=0.1
    --lr_max=5 --lr_exp_decay=0.5 --focal_loss_gamma=4 --focal_loss_alpha=0.8 --hair_prob=0.01
    --microscope_prob=0.01 --lr_warm_up_epochs=5 --image_height=128
  deps:
  - path: augmentations
    md5: 4f380667632218a8ca8c899b2cbca61d.dir
    size: 35643
    nfiles: 13
  - path: config
    md5: 734319eac72892d4217170c9c7972611.dir
    size: 20915
    nfiles: 9
  - path: data
    md5: e54be2c23044ffeb0179687b079c75d5.dir
    size: 13081052783
    nfiles: 204
  - path: dataset
    md5: f6e9ff3a1421822521d25205ff7d5075.dir
    size: 47747
    nfiles: 11
  - path: debug_tools
    md5: 2e2bce907de89d6d55cbc05c9b5658f2.dir
    size: 8782
    nfiles: 7
  - path: model
    md5: 4a46d86f991bceadea266818138d628b.dir
    size: 32365
    nfiles: 20
  - path: submission
    md5: 7259228f04b4572a57acc56a49cdfc0c.dir
    size: 20194
    nfiles: 8
  - path: tools
    md5: 913a82cf821f12efa212c067705a2db3.dir
    size: 19799
    nfiles: 10
  outs:
  - path: artifacts/baseline
    md5: 351fb93996ec8504ab487a7ceb24d6c5.dir
    size: 9876512
    nfiles: 32
  - path: metrics/metrics.txt
    md5: 667ba878db1a93f3c7cdb5ce9bc96c28
    size: 108
b0:
  cmd: export LD_LIBRARY_PATH=/usr/local/cuda-10.2/lib64 && export PYTHONPATH=$PWD
    && python3 tools/main.py --work_dir=artifacts/b0 --backbone=B0 --dropout_rate=0.01
    --lr_max=10 --lr_exp_decay=0.5 --focal_loss_gamma=4 --focal_loss_alpha=0.8 --hair_prob=0.1
    --microscope_prob=0.01 --lr_warm_up_epochs=5 --image_height=128 --batch_size=256
    --stage=b0 --save_best_n=3
  deps:
  - path: augmentations
    md5: 4f380667632218a8ca8c899b2cbca61d.dir
    size: 35643
    nfiles: 13
  - path: config
    md5: edb7167ed828e255a54e5f2e30a21845.dir
    size: 21775
    nfiles: 9
  - path: data
    md5: 4ec5d239fa5ee1490cee8f67ce79fa4b.dir
    size: 12474834467
    nfiles: 235
  - path: dataset
    md5: 7de9bd1b5363f51f83795d8f7b3a110d.dir
    size: 48013
    nfiles: 11
  - path: debug_tools
    md5: 2e2bce907de89d6d55cbc05c9b5658f2.dir
    size: 8782
    nfiles: 7
  - path: model
    md5: d6c7a9bdfea9c0ddd4bde6cf7e81337b.dir
    size: 34704
    nfiles: 19
  - path: submission
    md5: 5704cbc104a0f9e15ddb2a13025207d8.dir
    size: 21417
    nfiles: 8
  - path: tools
    md5: cb2ad50e20f8feb632a8314a3018d50e.dir
    size: 19014
    nfiles: 9
  outs:
  - path: artifacts/b0
    md5: 3afb8cde2c0d527e2ae58d131db4606f.dir
    size: 19803639
    nfiles: 58
  - path: metrics/metrics_b0.txt
    md5: 3d9a54533a74c5fdee3f7c2e3df06469
    size: 123
