baseline:
  cmd: export LD_LIBRARY_PATH=/usr/local/cuda/lib64 && export PYTHONPATH=/mnt/850G/GIT/kagle_melanoma_tf_tpu
    && /home/sergey/anaconda3/envs/tensorflow_2/bin/python3 tools/main.py --work_dir=artifacts/baseline
    --backbone=B0 --dropout_rate=0.1 --lr_max=1 --lr_exp_decay=0.8 --focal_loss_gamma=4
    --focal_loss_alpha=0.8 --hair_prob=0.1 --microscope_prob=0.01 --lr_warm_up_epochs=5
    --image_height=128
  deps:
  - path: augmentations
    md5: d06d93bd4a0a770f7bd4ffa94b0a91e0.dir
    size: 24788
    nfiles: 9
  - path: config
    md5: 3a7e35bf244e357ebdea1fd4b202fa0c.dir
    size: 13634
    nfiles: 6
  - path: data
    md5: 25ae7c7744209603a1f9c0dd534ab444.dir
    size: 259025335
    nfiles: 42
  - path: dataset
    md5: 85cc1aafcf8ceea343919a9ec7ee2f5e.dir
    size: 34469
    nfiles: 8
  - path: debug_tools
    md5: 7d64e65f44f428ecf28e3b23894d4130.dir
    size: 8791
    nfiles: 7
  - path: model
    md5: 8348f7e934cbc76f81a607ca7cdcf39d.dir
    size: 19507
    nfiles: 13
  - path: submission
    md5: a489bbaf4664206e7fb9cf2ff5a9574b.dir
    size: 13947
    nfiles: 5
  - path: tools
    md5: ab8ad8a8a9d43823ef98b3e287d5d71c.dir
    size: 15814
    nfiles: 6
  outs:
  - path: artifacts/baseline
    md5: 9a3d3bc2538df6025f0a4dceb735c2a9.dir
    size: 207253187
    nfiles: 36
  - path: metrics/metrics.txt
    md5: 625e92603001d8d2e02d5b7cd678d9f9
    size: 67
