baseline:
  cmd: export LD_LIBRARY_PATH=/usr/local/cuda/lib64 && export PYTHONPATH=$PWD && python3
    tools/main.py --work_dir=artifacts/baseline --backbone=B6 --dropout_rate=0.01
    --lr_max=10 --lr_exp_decay=0.5 --focal_loss_gamma=4 --focal_loss_alpha=0.8 --hair_prob=0.1
    --microscope_prob=0.01 --lr_warm_up_epochs=5 --image_height=384
  deps:
  - path: augmentations
    md5: cc7066e3f4d6ecad5e22aec0d44c5908.dir
    size: 24779
    nfiles: 9
  - path: config
    md5: 41caf5843cb7b63ab111cdb3e151f617.dir
    size: 13342
    nfiles: 6
  - path: data
    md5: d751713988987e9331980363e24189ce.dir
    size: 0
    nfiles: 0
  - path: dataset
    md5: 4cfee4734de5615f1d4070a9cd1a0e9c.dir
    size: 34445
    nfiles: 8
  - path: debug_tools
    md5: 7d64e65f44f428ecf28e3b23894d4130.dir
    size: 8791
    nfiles: 7
  - path: model
    md5: cd7da315b2711c931ba2e388df3680f8.dir
    size: 17940
    nfiles: 13
  - path: submission
    md5: f609bd5f133e3b1688756b28db13fecd.dir
    size: 13931
    nfiles: 5
  - path: tools
    md5: 7f76fd39e717cc30ad4d6f0a55921b55.dir
    size: 15314
    nfiles: 6
  outs:
  - path: artifacts/baseline
    md5: 0e032d2c55ee166c86594d8171b37fbf.dir
    size: 1979226834
    nfiles: 36
  - path: metrics/metrics.txt
    md5: fd3e6afa00b19e09b6b7583324e62a34
    size: 67
